<?xml version="1.0" encoding="utf-8"?>
<Project ToolsVersion="4.0" xmlns="http://schemas.microsoft.com/developer/msbuild/2003">
  <ItemGroup>
    <Filter Include="Src">
      <UniqueIdentifier>{9184c014-7351-4e4c-85cb-2e378f465cfa}</UniqueIdentifier>
    </Filter>
    <Filter Include="Src\Common">
      <UniqueIdentifier>{56d07412-5908-41a6-818c-9bc53b6f6914}</UniqueIdentifier>
    </Filter>
    <Filter Include="Extern">
      <UniqueIdentifier>{ad01d2a9-6635-4450-9a90-025d9fdd5318}</UniqueIdentifier>
    </Filter>
    <Filter Include="Extern\imgui">
      <UniqueIdentifier>{d0a3fd5a-ac3c-4816-a340-295c94f40c54}</UniqueIdentifier>
    </Filter>
    <Filter Include="Src\Gui">
      <UniqueIdentifier>{c52f2219-335e-4fb2-ab76-f65c47be60c7}</UniqueIdentifier>
    </Filter>
    <Filter Include="Src\Camera">
      <UniqueIdentifier>{90056925-d6ee-4cad-8072-735c2519aab5}</UniqueIdentifier>
    </Filter>
    <Filter Include="Src\Content">
      <UniqueIdentifier>{29072144-90d6-435a-9a45-5e5a6f47b690}</UniqueIdentifier>
    </Filter>
    <Filter Include="Data">
      <UniqueIdentifier>{835d709f-6144-4b05-a4e1-ea7e062964a2}</UniqueIdentifier>
    </Filter>
    <Filter Include="Data\Models">
      <UniqueIdentifier>{3c12d80f-3c6a-4b43-9497-c2c94e5ec27b}</UniqueIdentifier>
    </Filter>
    <Filter Include="Data\Textures">
      <UniqueIdentifier>{ecfb4dac-c733-4f99-bb57-4278c09edc1a}</UniqueIdentifier>
    </Filter>
    <Filter Include="Src\Model">
      <UniqueIdentifier>{38af2adc-e7e3-4df5-912d-a825d9485760}</UniqueIdentifier>
    </Filter>
    <Filter Include="Data\Shaders">
      <UniqueIdentifier>{c867f07a-20d5-4b85-9c60-93ff908a09d6}</UniqueIdentifier>
    </Filter>
    <Filter Include="Src\Scene">
      <UniqueIdentifier>{c8409ffa-0c95-4454-889c-de24d307e148}</UniqueIdentifier>
    </Filter>
    <Filter Include="Data\Shaders\Particles">
      <UniqueIdentifier>{96db913d-5517-4f22-a59c-abc079c77513}</UniqueIdentifier>
    </Filter>
    <Filter Include="Data\Shaders\SortLib">
      <UniqueIdentifier>{459a6f53-8559-4829-b178-1e5bd751b494}</UniqueIdentifier>
    </Filter>
    <Filter Include="Data\Shaders\Noises">
      <UniqueIdentifier>{a27bc346-1295-4fda-9f65-59e5a8fcd11f}</UniqueIdentifier>
    </Filter>
    <Filter Include="Data\ForceFields">
      <UniqueIdentifier>{6a0d1e82-d463-43ea-ac80-541380a1cea0}</UniqueIdentifier>
    </Filter>
    <Filter Include="Extern\assimp">
      <UniqueIdentifier>{befc79af-c0cb-4cd5-94bd-e6d0b02717f6}</UniqueIdentifier>
    </Filter>
    <Filter Include="Extern\Json">
      <UniqueIdentifier>{91bf0f00-04fc-4889-9ebd-7e2cc285214f}</UniqueIdentifier>
    </Filter>
    <Filter Include="Extern\choreograph">
      <UniqueIdentifier>{f11edd2a-b11d-40ca-af30-46d5939dee96}</UniqueIdentifier>
    </Filter>
    <Filter Include="Data\ForceFields\Pack_01">
      <UniqueIdentifier>{92d518d4-5f65-4923-ab61-d4b7f94eef76}</UniqueIdentifier>
    </Filter>
  </ItemGroup>
  <ItemGroup>
    <ClCompile Include="Src\App.cpp">
      <Filter>Src</Filter>
    </ClCompile>
    <ClCompile Include="Src\Common\DeviceResources.cpp">
      <Filter>Src\Common</Filter>
    </ClCompile>
    <ClCompile Include="Src\pch.cpp">
      <Filter>Src</Filter>
    </ClCompile>
    <ClCompile Include="Src\Game.cpp">
      <Filter>Src</Filter>
    </ClCompile>
    <ClCompile Include="Extern\imgui\imgui.cpp">
      <Filter>Extern\imgui</Filter>
    </ClCompile>
    <ClCompile Include="Extern\imgui\imgui_demo.cpp">
      <Filter>Extern\imgui</Filter>
    </ClCompile>
    <ClCompile Include="Extern\imgui\imgui_draw.cpp">
      <Filter>Extern\imgui</Filter>
    </ClCompile>
    <ClCompile Include="Extern\imgui\imgui_widgets.cpp">
      <Filter>Extern\imgui</Filter>
    </ClCompile>
    <ClCompile Include="Src\Gui\imgui_impl_dx11.cpp">
      <Filter>Src\Gui</Filter>
    </ClCompile>
    <ClCompile Include="Src\Gui\imgui_impl_win32.cpp">
      <Filter>Src\Gui</Filter>
    </ClCompile>
    <ClCompile Include="Src\Camera\Camera.cpp">
      <Filter>Src\Camera</Filter>
    </ClCompile>
    <ClCompile Include="Src\Camera\CameraControllerFPS.cpp">
      <Filter>Src\Camera</Filter>
    </ClCompile>
    <ClCompile Include="Src\Common\DebugUtils.cpp">
      <Filter>Src\Common</Filter>
    </ClCompile>
    <ClCompile Include="Src\Common\InputManager.cpp">
      <Filter>Src\Common</Filter>
    </ClCompile>
    <ClCompile Include="Src\Content\IRenderable.cpp">
      <Filter>Src\Content</Filter>
    </ClCompile>
    <ClCompile Include="Src\Content\MengerRenderer.cpp">
      <Filter>Src\Content</Filter>
    </ClCompile>
    <ClCompile Include="Src\Content\RenderFullscreenQuad.cpp">
      <Filter>Src\Content</Filter>
    </ClCompile>
    <ClCompile Include="Src\Content\RenderModel.cpp">
      <Filter>Src\Content</Filter>
    </ClCompile>
    <ClCompile Include="Src\Model\Model.cpp">
      <Filter>Src\Model</Filter>
    </ClCompile>
    <ClCompile Include="Src\Model\ModelLoader.cpp">
      <Filter>Src\Model</Filter>
    </ClCompile>
    <ClCompile Include="Src\Model\ModelMesh.cpp">
      <Filter>Src\Model</Filter>
    </ClCompile>
    <ClCompile Include="Src\Common\Shader.cpp">
      <Filter>Src\Common</Filter>
    </ClCompile>
    <ClCompile Include="Src\Content\DebugRenderer.cpp">
      <Filter>Src\Content</Filter>
    </ClCompile>
    <ClCompile Include="Src\Model\MeshFactory.cpp">
      <Filter>Src\Model</Filter>
    </ClCompile>
    <ClCompile Include="Src\Common\RenderTarget.cpp">
      <Filter>Src\Common</Filter>
    </ClCompile>
    <ClCompile Include="Src\Content\BakeModelParticles.cpp">
      <Filter>Src\Content</Filter>
    </ClCompile>
    <ClCompile Include="Src\Scene\IScene.cpp">
      <Filter>Src\Scene</Filter>
    </ClCompile>
    <ClCompile Include="Src\Scene\SceneMenger.cpp">
      <Filter>Src\Scene</Filter>
    </ClCompile>
    <ClCompile Include="Src\Common\ComputeShader.cpp">
      <Filter>Src\Common</Filter>
    </ClCompile>
    <ClCompile Include="Src\Content\RenderParticles.cpp">
      <Filter>Src\Content</Filter>
    </ClCompile>
    <ClCompile Include="Src\Common\RenderStatesHelper.cpp">
      <Filter>Src\Common</Filter>
    </ClCompile>
    <ClCompile Include="Src\Common\SortLib.cpp">
      <Filter>Src\Common</Filter>
    </ClCompile>
    <ClCompile Include="Src\Content\ParticleEmitterSphere.cpp">
      <Filter>Src\Content</Filter>
    </ClCompile>
    <ClCompile Include="Src\Content\IParticleEmitter.cpp">
      <Filter>Src\Content</Filter>
    </ClCompile>
    <ClCompile Include="Src\Content\ParticleEmitterBuffer.cpp">
      <Filter>Src\Content</Filter>
    </ClCompile>
    <ClCompile Include="Src\Common\FGAParser.cpp">
      <Filter>Src\Common</Filter>
    </ClCompile>
    <ClCompile Include="Src\Content\ParticleEmitterCube.cpp">
      <Filter>Src\Content</Filter>
    </ClCompile>
    <ClCompile Include="Src\Content\ParticleEmitterPoint.cpp">
      <Filter>Src\Content</Filter>
    </ClCompile>
    <ClCompile Include="Extern\imgui\ImGuizmo.cpp">
      <Filter>Extern\imgui</Filter>
    </ClCompile>
    <ClCompile Include="Extern\imgui\ImSequencer.cpp">
      <Filter>Extern\imgui</Filter>
    </ClCompile>
    <ClCompile Include="Extern\imgui\ImCurveEdit.cpp">
      <Filter>Extern\imgui</Filter>
    </ClCompile>
    <ClCompile Include="Extern\imgui\ImGradient.cpp">
      <Filter>Extern\imgui</Filter>
    </ClCompile>
    <ClCompile Include="Src\Gui\Sequencer.cpp">
      <Filter>Src\Gui</Filter>
    </ClCompile>
    <ClCompile Include="Extern\choreograph\Cue.cpp">
      <Filter>Extern\choreograph</Filter>
    </ClCompile>
    <ClCompile Include="Extern\choreograph\Timeline.cpp">
      <Filter>Extern\choreograph</Filter>
    </ClCompile>
    <ClCompile Include="Extern\choreograph\TimelineItem.cpp">
      <Filter>Extern\choreograph</Filter>
    </ClCompile>
  </ItemGroup>
  <ItemGroup>
    <ClInclude Include="Src\Common\DeviceResources.h">
      <Filter>Src\Common</Filter>
    </ClInclude>
    <ClInclude Include="Src\pch.h">
      <Filter>Src</Filter>
    </ClInclude>
    <ClInclude Include="Src\Game.h">
      <Filter>Src</Filter>
    </ClInclude>
    <ClInclude Include="Src\Common\StepTimer.h">
      <Filter>Src\Common</Filter>
    </ClInclude>
    <ClInclude Include="Extern\imgui\imconfig.h">
      <Filter>Extern\imgui</Filter>
    </ClInclude>
    <ClInclude Include="Extern\imgui\imgui.h">
      <Filter>Extern\imgui</Filter>
    </ClInclude>
    <ClInclude Include="Extern\imgui\imgui_internal.h">
      <Filter>Extern\imgui</Filter>
    </ClInclude>
    <ClInclude Include="Extern\imgui\imstb_rectpack.h">
      <Filter>Extern\imgui</Filter>
    </ClInclude>
    <ClInclude Include="Extern\imgui\imstb_textedit.h">
      <Filter>Extern\imgui</Filter>
    </ClInclude>
    <ClInclude Include="Extern\imgui\imstb_truetype.h">
      <Filter>Extern\imgui</Filter>
    </ClInclude>
    <ClInclude Include="Src\Gui\imgui_impl_dx11.h">
      <Filter>Src\Gui</Filter>
    </ClInclude>
    <ClInclude Include="Src\Gui\imgui_impl_win32.h">
      <Filter>Src\Gui</Filter>
    </ClInclude>
    <ClInclude Include="Src\Camera\Camera.h">
      <Filter>Src\Camera</Filter>
    </ClInclude>
    <ClInclude Include="Src\Camera\CameraControllerFPS.h">
      <Filter>Src\Camera</Filter>
    </ClInclude>
    <ClInclude Include="Src\Common\DebugUtils.h">
      <Filter>Src\Common</Filter>
    </ClInclude>
    <ClInclude Include="Src\Common\InputManager.h">
      <Filter>Src\Common</Filter>
    </ClInclude>
    <ClInclude Include="Src\Content\IRenderable.h">
      <Filter>Src\Content</Filter>
    </ClInclude>
    <ClInclude Include="Src\Content\MengerRenderer.h">
      <Filter>Src\Content</Filter>
    </ClInclude>
    <ClInclude Include="Src\Content\RenderFullscreenQuad.h">
      <Filter>Src\Content</Filter>
    </ClInclude>
    <ClInclude Include="Src\Content\RenderModel.h">
      <Filter>Src\Content</Filter>
    </ClInclude>
    <ClInclude Include="Src\Content\ShaderStructures.h">
      <Filter>Src\Content</Filter>
    </ClInclude>
    <ClInclude Include="Src\Model\Model.h">
      <Filter>Src\Model</Filter>
    </ClInclude>
    <ClInclude Include="Src\Model\ModelLoader.h">
      <Filter>Src\Model</Filter>
    </ClInclude>
    <ClInclude Include="Src\Model\ModelMesh.h">
      <Filter>Src\Model</Filter>
    </ClInclude>
    <ClInclude Include="Src\Common\DirectXHelper.h">
      <Filter>Src\Common</Filter>
    </ClInclude>
    <ClInclude Include="Src\Common\Shader.h">
      <Filter>Src\Common</Filter>
    </ClInclude>
    <ClInclude Include="Src\Content\DebugRenderer.h">
      <Filter>Src\Content</Filter>
    </ClInclude>
    <ClInclude Include="Src\Model\MeshFactory.h">
      <Filter>Src\Model</Filter>
    </ClInclude>
    <ClInclude Include="Src\Common\RenderTarget.h">
      <Filter>Src\Common</Filter>
    </ClInclude>
    <ClInclude Include="Src\Content\BakeModelParticles.h">
      <Filter>Src\Content</Filter>
    </ClInclude>
    <ClInclude Include="Src\Scene\IScene.h">
      <Filter>Src\Scene</Filter>
    </ClInclude>
    <ClInclude Include="Src\Scene\SceneMenger.h">
      <Filter>Src\Scene</Filter>
    </ClInclude>
    <ClInclude Include="Src\Common\ComputeShader.h">
      <Filter>Src\Common</Filter>
    </ClInclude>
    <ClInclude Include="Src\Content\RenderParticles.h">
      <Filter>Src\Content</Filter>
    </ClInclude>
    <ClInclude Include="Src\Common\RenderStatesHelper.h">
      <Filter>Src\Common</Filter>
    </ClInclude>
    <ClInclude Include="Data\Shaders\Particles\ParticlesGlobals.h">
      <Filter>Data\Shaders\Particles</Filter>
    </ClInclude>
    <ClInclude Include="Data\Shaders\Globals.h">
      <Filter>Data\Shaders</Filter>
    </ClInclude>
    <ClInclude Include="Src\Common\SortLib.h">
      <Filter>Src\Common</Filter>
    </ClInclude>
    <ClInclude Include="Src\GlobalSettings.h">
      <Filter>Src</Filter>
    </ClInclude>
    <ClInclude Include="Data\Shaders\Noises\ClassicNoise2D.h">
      <Filter>Data\Shaders\Noises</Filter>
    </ClInclude>
    <ClInclude Include="Data\Shaders\Noises\ClassicNoise3D.h">
      <Filter>Data\Shaders\Noises</Filter>
    </ClInclude>
    <ClInclude Include="Data\Shaders\Noises\SimplexNoise2D.h">
      <Filter>Data\Shaders\Noises</Filter>
    </ClInclude>
    <ClInclude Include="Data\Shaders\Noises\Random.h">
      <Filter>Data\Shaders\Noises</Filter>
    </ClInclude>
    <ClInclude Include="Data\Shaders\Noises\SimplexNoise3D.h">
      <Filter>Data\Shaders\Noises</Filter>
    </ClInclude>
    <ClInclude Include="Src\Content\IParticleEmitter.h">
      <Filter>Src\Content</Filter>
    </ClInclude>
    <ClInclude Include="Src\Content\ParticleEmitterSphere.h">
      <Filter>Src\Content</Filter>
    </ClInclude>
    <ClInclude Include="Src\Content\ParticleEmitterBuffer.h">
      <Filter>Src\Content</Filter>
    </ClInclude>
    <ClInclude Include="Src\Common\FGAParser.h">
      <Filter>Src\Common</Filter>
    </ClInclude>
    <ClInclude Include="Src\Content\ParticleEmitterCube.h">
      <Filter>Src\Content</Filter>
    </ClInclude>
    <ClInclude Include="Src\Content\ParticleEmitterPoint.h">
      <Filter>Src\Content</Filter>
    </ClInclude>
    <ClInclude Include="Extern\assimp\Compiler\poppack1.h">
      <Filter>Extern\assimp</Filter>
    </ClInclude>
    <ClInclude Include="Extern\assimp\Compiler\pstdint.h">
      <Filter>Extern\assimp</Filter>
    </ClInclude>
    <ClInclude Include="Extern\assimp\Compiler\pushpack1.h">
      <Filter>Extern\assimp</Filter>
    </ClInclude>
    <ClInclude Include="Extern\assimp\port\AndroidJNI\AndroidJNIIOSystem.h">
      <Filter>Extern\assimp</Filter>
    </ClInclude>
    <ClInclude Include="Extern\assimp\ai_assert.h">
      <Filter>Extern\assimp</Filter>
    </ClInclude>
    <ClInclude Include="Extern\assimp\anim.h">
      <Filter>Extern\assimp</Filter>
    </ClInclude>
    <ClInclude Include="Extern\assimp\camera.h">
      <Filter>Extern\assimp</Filter>
    </ClInclude>
    <ClInclude Include="Extern\assimp\cexport.h">
      <Filter>Extern\assimp</Filter>
    </ClInclude>
    <ClInclude Include="Extern\assimp\cfileio.h">
      <Filter>Extern\assimp</Filter>
    </ClInclude>
    <ClInclude Include="Extern\assimp\cimport.h">
      <Filter>Extern\assimp</Filter>
    </ClInclude>
    <ClInclude Include="Extern\assimp\color4.h">
      <Filter>Extern\assimp</Filter>
    </ClInclude>
    <ClInclude Include="Extern\assimp\config.h">
      <Filter>Extern\assimp</Filter>
    </ClInclude>
    <ClInclude Include="Extern\assimp\DefaultIOStream.h">
      <Filter>Extern\assimp</Filter>
    </ClInclude>
    <ClInclude Include="Extern\assimp\DefaultIOSystem.h">
      <Filter>Extern\assimp</Filter>
    </ClInclude>
    <ClInclude Include="Extern\assimp\DefaultLogger.hpp">
      <Filter>Extern\assimp</Filter>
    </ClInclude>
    <ClInclude Include="Extern\assimp\Defines.h">
      <Filter>Extern\assimp</Filter>
    </ClInclude>
    <ClInclude Include="Extern\assimp\defs.h">
      <Filter>Extern\assimp</Filter>
    </ClInclude>
    <ClInclude Include="Extern\assimp\Exporter.hpp">
      <Filter>Extern\assimp</Filter>
    </ClInclude>
    <ClInclude Include="Extern\assimp\Importer.hpp">
      <Filter>Extern\assimp</Filter>
    </ClInclude>
    <ClInclude Include="Extern\assimp\importerdesc.h">
      <Filter>Extern\assimp</Filter>
    </ClInclude>
    <ClInclude Include="Extern\assimp\IOStream.hpp">
      <Filter>Extern\assimp</Filter>
    </ClInclude>
    <ClInclude Include="Extern\assimp\IOSystem.hpp">
      <Filter>Extern\assimp</Filter>
    </ClInclude>
    <ClInclude Include="Extern\assimp\light.h">
      <Filter>Extern\assimp</Filter>
    </ClInclude>
    <ClInclude Include="Extern\assimp\Logger.hpp">
      <Filter>Extern\assimp</Filter>
    </ClInclude>
    <ClInclude Include="Extern\assimp\LogStream.hpp">
      <Filter>Extern\assimp</Filter>
    </ClInclude>
    <ClInclude Include="Extern\assimp\material.h">
      <Filter>Extern\assimp</Filter>
    </ClInclude>
    <ClInclude Include="Extern\assimp\matrix3x3.h">
      <Filter>Extern\assimp</Filter>
    </ClInclude>
    <ClInclude Include="Extern\assimp\matrix4x4.h">
      <Filter>Extern\assimp</Filter>
    </ClInclude>
    <ClInclude Include="Extern\assimp\mesh.h">
      <Filter>Extern\assimp</Filter>
    </ClInclude>
    <ClInclude Include="Extern\assimp\metadata.h">
      <Filter>Extern\assimp</Filter>
    </ClInclude>
    <ClInclude Include="Extern\assimp\NullLogger.hpp">
      <Filter>Extern\assimp</Filter>
    </ClInclude>
    <ClInclude Include="Extern\assimp\postprocess.h">
      <Filter>Extern\assimp</Filter>
    </ClInclude>
    <ClInclude Include="Extern\assimp\ProgressHandler.hpp">
      <Filter>Extern\assimp</Filter>
    </ClInclude>
    <ClInclude Include="Extern\assimp\quaternion.h">
      <Filter>Extern\assimp</Filter>
    </ClInclude>
    <ClInclude Include="Extern\assimp\scene.h">
      <Filter>Extern\assimp</Filter>
    </ClInclude>
    <ClInclude Include="Extern\assimp\SceneCombiner.h">
      <Filter>Extern\assimp</Filter>
    </ClInclude>
    <ClInclude Include="Extern\assimp\texture.h">
      <Filter>Extern\assimp</Filter>
    </ClInclude>
    <ClInclude Include="Extern\assimp\types.h">
      <Filter>Extern\assimp</Filter>
    </ClInclude>
    <ClInclude Include="Extern\assimp\vector2.h">
      <Filter>Extern\assimp</Filter>
    </ClInclude>
    <ClInclude Include="Extern\assimp\vector3.h">
      <Filter>Extern\assimp</Filter>
    </ClInclude>
    <ClInclude Include="Extern\assimp\version.h">
      <Filter>Extern\assimp</Filter>
    </ClInclude>
    <ClInclude Include="Extern\Json\json.hpp">
      <Filter>Extern\Json</Filter>
    </ClInclude>
    <ClInclude Include="Extern\imgui\ImGuizmo.h">
      <Filter>Extern\imgui</Filter>
    </ClInclude>
    <ClInclude Include="Extern\imgui\ImSequencer.h">
      <Filter>Extern\imgui</Filter>
    </ClInclude>
    <ClInclude Include="Extern\imgui\ImCurveEdit.h">
      <Filter>Extern\imgui</Filter>
    </ClInclude>
    <ClInclude Include="Extern\imgui\ImGradient.h">
      <Filter>Extern\imgui</Filter>
    </ClInclude>
    <ClInclude Include="Src\Gui\Sequencer.h">
      <Filter>Src\Gui</Filter>
    </ClInclude>
    <ClInclude Include="Extern\imgui\imgui_user.h">
      <Filter>Extern\imgui</Filter>
    </ClInclude>
    <ClInclude Include="Extern\choreograph\Choreograph.h">
      <Filter>Extern\choreograph</Filter>
    </ClInclude>
    <ClInclude Include="Extern\choreograph\Cue.h">
      <Filter>Extern\choreograph</Filter>
    </ClInclude>
    <ClInclude Include="Extern\choreograph\detail\MakeUnique.hpp">
      <Filter>Extern\choreograph</Filter>
    </ClInclude>
    <ClInclude Include="Extern\choreograph\detail\VectorManipulation.hpp">
      <Filter>Extern\choreograph</Filter>
    </ClInclude>
    <ClInclude Include="Extern\choreograph\Easing.h">
      <Filter>Extern\choreograph</Filter>
    </ClInclude>
    <ClInclude Include="Extern\choreograph\Motion.hpp">
      <Filter>Extern\choreograph</Filter>
    </ClInclude>
    <ClInclude Include="Extern\choreograph\Output.hpp">
      <Filter>Extern\choreograph</Filter>
    </ClInclude>
    <ClInclude Include="Extern\choreograph\phrase\Combine.hpp">
      <Filter>Extern\choreograph</Filter>
    </ClInclude>
    <ClInclude Include="Extern\choreograph\phrase\Hold.hpp">
      <Filter>Extern\choreograph</Filter>
    </ClInclude>
    <ClInclude Include="Extern\choreograph\phrase\Procedural.hpp">
      <Filter>Extern\choreograph</Filter>
    </ClInclude>
    <ClInclude Include="Extern\choreograph\phrase\Ramp.hpp">
      <Filter>Extern\choreograph</Filter>
    </ClInclude>
    <ClInclude Include="Extern\choreograph\phrase\Retime.hpp">
      <Filter>Extern\choreograph</Filter>
    </ClInclude>
    <ClInclude Include="Extern\choreograph\phrase\Sugar.hpp">
      <Filter>Extern\choreograph</Filter>
    </ClInclude>
    <ClInclude Include="Extern\choreograph\Phrase.hpp">
      <Filter>Extern\choreograph</Filter>
    </ClInclude>
    <ClInclude Include="Extern\choreograph\Sequence.hpp">
      <Filter>Extern\choreograph</Filter>
    </ClInclude>
    <ClInclude Include="Extern\choreograph\specialization\CinderSpecialization.hpp">
      <Filter>Extern\choreograph</Filter>
    </ClInclude>
    <ClInclude Include="Extern\choreograph\Timeline.h">
      <Filter>Extern\choreograph</Filter>
    </ClInclude>
    <ClInclude Include="Extern\choreograph\TimelineItem.h">
      <Filter>Extern\choreograph</Filter>
    </ClInclude>
    <ClInclude Include="Extern\choreograph\TimelineOptions.hpp">
      <Filter>Extern\choreograph</Filter>
    </ClInclude>
    <ClInclude Include="Extern\choreograph\TimeType.h">
      <Filter>Extern\choreograph</Filter>
    </ClInclude>
  </ItemGroup>
  <ItemGroup>
    <None Include="packages.config" />
    <None Include="Extern\assimp\.editorconfig">
      <Filter>Extern\assimp</Filter>
    </None>
    <None Include="Extern\assimp\color4.inl">
      <Filter>Extern\assimp</Filter>
    </None>
    <None Include="Extern\assimp\config.h.in">
      <Filter>Extern\assimp</Filter>
    </None>
    <None Include="Extern\assimp\material.inl">
      <Filter>Extern\assimp</Filter>
    </None>
    <None Include="Extern\assimp\matrix3x3.inl">
      <Filter>Extern\assimp</Filter>
    </None>
    <None Include="Extern\assimp\matrix4x4.inl">
      <Filter>Extern\assimp</Filter>
    </None>
    <None Include="Extern\assimp\quaternion.inl">
      <Filter>Extern\assimp</Filter>
    </None>
    <None Include="Extern\assimp\vector2.inl">
      <Filter>Extern\assimp</Filter>
    </None>
    <None Include="Extern\assimp\vector3.inl">
      <Filter>Extern\assimp</Filter>
    </None>
    <None Include="Extern\imgui\imgui_user.inl">
      <Filter>Extern\imgui</Filter>
    </None>
  </ItemGroup>
  <ItemGroup>
    <Image Include="Data\Textures\CatMac__C.png">
      <Filter>Data\Textures</Filter>
    </Image>
  </ItemGroup>
  <ItemGroup>
    <FxCompile Include="Data\Shaders\RenderModel_VS.hlsl">
      <Filter>Data\Shaders</Filter>
    </FxCompile>
    <FxCompile Include="Data\Shaders\RenderQuad_PS.hlsl">
      <Filter>Data\Shaders</Filter>
    </FxCompile>
    <FxCompile Include="Data\Shaders\RenderQuad_VS.hlsl">
      <Filter>Data\Shaders</Filter>
    </FxCompile>
    <FxCompile Include="Data\Shaders\SamplePixelShader.hlsl">
      <Filter>Data\Shaders</Filter>
    </FxCompile>
    <FxCompile Include="Data\Shaders\SampleVertexShader.hlsl">
      <Filter>Data\Shaders</Filter>
    </FxCompile>
    <FxCompile Include="Data\Shaders\RenderDebugColor_PS.hlsl">
      <Filter>Data\Shaders</Filter>
    </FxCompile>
    <FxCompile Include="Data\Shaders\RenderDebugColor_VS.hlsl">
      <Filter>Data\Shaders</Filter>
    </FxCompile>
    <FxCompile Include="Data\Shaders\RenderMenger_PS.hlsl">
      <Filter>Data\Shaders</Filter>
    </FxCompile>
    <FxCompile Include="Data\Shaders\RenderMenger_VS.hlsl">
      <Filter>Data\Shaders</Filter>
    </FxCompile>
    <FxCompile Include="Data\Shaders\RenderModel_PS.hlsl">
      <Filter>Data\Shaders</Filter>
    </FxCompile>
    <FxCompile Include="Data\Shaders\RenderDebugRM_PS.hlsl">
      <Filter>Data\Shaders</Filter>
    </FxCompile>
    <FxCompile Include="Data\Shaders\RenderDebugRM_VS.hlsl">
      <Filter>Data\Shaders</Filter>
    </FxCompile>
    <FxCompile Include="Data\Shaders\BakeObjectParticles_PS.hlsl">
      <Filter>Data\Shaders</Filter>
    </FxCompile>
    <FxCompile Include="Data\Shaders\BakeObjectParticles_VS.hlsl">
      <Filter>Data\Shaders</Filter>
    </FxCompile>
    <FxCompile Include="Data\Shaders\PackParticles_CS.hlsl">
      <Filter>Data\Shaders</Filter>
    </FxCompile>
    <FxCompile Include="Data\Shaders\Particles\ResetParticles_CS.hlsl">
      <Filter>Data\Shaders\Particles</Filter>
    </FxCompile>
    <FxCompile Include="Data\Shaders\Particles\RenderParticles_GS.hlsl">
      <Filter>Data\Shaders\Particles</Filter>
    </FxCompile>
    <FxCompile Include="Data\Shaders\Particles\RenderParticles_PS.hlsl">
      <Filter>Data\Shaders\Particles</Filter>
    </FxCompile>
    <FxCompile Include="Data\Shaders\Particles\RenderParticles_VS.hlsl">
      <Filter>Data\Shaders\Particles</Filter>
    </FxCompile>
    <FxCompile Include="Data\Shaders\Particles\SimulateParticles_CS.hlsl">
      <Filter>Data\Shaders\Particles</Filter>
    </FxCompile>
    <FxCompile Include="Data\Shaders\Particles\EmitParticlesFromBuffer_CS.hlsl">
      <Filter>Data\Shaders\Particles</Filter>
    </FxCompile>
    <FxCompile Include="Data\Shaders\Particles\InitIndirectComputeArgs1D_CS.hlsl">
      <Filter>Data\Shaders\Particles</Filter>
    </FxCompile>
    <FxCompile Include="Data\Shaders\SortLib\InitSortArgsCS.hlsl">
      <Filter>Data\Shaders\SortLib</Filter>
    </FxCompile>
    <FxCompile Include="Data\Shaders\SortLib\ParticleSort.hlsl">
      <Filter>Data\Shaders\SortLib</Filter>
    </FxCompile>
    <FxCompile Include="Data\Shaders\SortLib\SortCS.hlsl">
      <Filter>Data\Shaders\SortLib</Filter>
    </FxCompile>
    <FxCompile Include="Data\Shaders\SortLib\SortInnerCS.hlsl">
      <Filter>Data\Shaders\SortLib</Filter>
    </FxCompile>
    <FxCompile Include="Data\Shaders\SortLib\SortStepCS2.hlsl">
      <Filter>Data\Shaders\SortLib</Filter>
    </FxCompile>
    <FxCompile Include="Data\Shaders\Particles\RenderParticles_GS_ORIENTED.hlsl">
      <Filter>Data\Shaders\Particles</Filter>
    </FxCompile>
    <FxCompile Include="Data\Shaders\Particles\EmitParticlesCube_CS.hlsl">
      <Filter>Data\Shaders\Particles</Filter>
    </FxCompile>
    <FxCompile Include="Data\Shaders\Particles\EmitParticlesSphere_CS.hlsl">
      <Filter>Data\Shaders\Particles</Filter>
    </FxCompile>
    <FxCompile Include="Data\Shaders\Particles\RenderForceField_VS.hlsl">
      <Filter>Data\Shaders\Particles</Filter>
    </FxCompile>
    <FxCompile Include="Data\Shaders\Particles\RenderForceField_GS.hlsl">
      <Filter>Data\Shaders\Particles</Filter>
    </FxCompile>
    <FxCompile Include="Data\Shaders\Particles\RenderForceField_PS.hlsl">
      <Filter>Data\Shaders\Particles</Filter>
    </FxCompile>
    <FxCompile Include="Data\Shaders\Particles\EmitParticlesPoint_CS.hlsl">
      <Filter>Data\Shaders\Particles</Filter>
    </FxCompile>
  </ItemGroup>
  <ItemGroup>
    <CopyFileToFolders Include="Data\Models\CatMac.fbx">
      <Filter>Data\Models</Filter>
    </CopyFileToFolders>
    <CopyFileToFolders Include="Data\Models\cube.dae">
      <Filter>Data\Models</Filter>
    </CopyFileToFolders>
    <CopyFileToFolders Include="Dlls\assimp-vc140-mt.dll" />
    <CopyFileToFolders Include="Data\Models\TrexByJoel3d.fbx">
      <Filter>Data\Models</Filter>
    </CopyFileToFolders>
    <CopyFileToFolders Include="Data\Models\deer.fbx">
      <Filter>Data\Models</Filter>
    </CopyFileToFolders>
    <CopyFileToFolders Include="Data\ForceFields\forceFieldTest.fga">
      <Filter>Data\ForceFields</Filter>
    </CopyFileToFolders>
    <CopyFileToFolders Include="Data\ForceFields\VF_CurveTile_1.fga">
      <Filter>Data\ForceFields</Filter>
    </CopyFileToFolders>
    <CopyFileToFolders Include="Data\ForceFields\VF_CurveTile_2.fga">
      <Filter>Data\ForceFields</Filter>
    </CopyFileToFolders>
    <CopyFileToFolders Include="Data\ForceFields\VF_CurveTile_3.fga">
      <Filter>Data\ForceFields</Filter>
    </CopyFileToFolders>
    <CopyFileToFolders Include="Data\ForceFields\VF_FluidVol.fga">
      <Filter>Data\ForceFields</Filter>
    </CopyFileToFolders>
    <CopyFileToFolders Include="Data\ForceFields\VF_Point.fga">
      <Filter>Data\ForceFields</Filter>
    </CopyFileToFolders>
    <CopyFileToFolders Include="Data\ForceFields\VF_Smoke.fga">
      <Filter>Data\ForceFields</Filter>
    </CopyFileToFolders>
    <CopyFileToFolders Include="Data\ForceFields\VF_Turbulence.fga">
      <Filter>Data\ForceFields</Filter>
    </CopyFileToFolders>
    <CopyFileToFolders Include="Data\ForceFields\VF_Vortex.fga">
      <Filter>Data\ForceFields</Filter>
    </CopyFileToFolders>
    <CopyFileToFolders Include="Data\ForceFields\VF_Wind.fga">
      <Filter>Data\ForceFields</Filter>
    </CopyFileToFolders>
    <CopyFileToFolders Include="Data\ForceFields\SignedDistance.vf">
      <Filter>Data\ForceFields</Filter>
    </CopyFileToFolders>
    <CopyFileToFolders Include="Data\ForceFields\Pack 01\VF_Alligator_HighFreq_8x8x8.fga">
      <Filter>Data\ForceFields\Pack_01</Filter>
    </CopyFileToFolders>
    <CopyFileToFolders Include="Data\ForceFields\Pack 01\VF_Alligator_HighFreq_16x16x16.fga">
      <Filter>Data\ForceFields\Pack_01</Filter>
    </CopyFileToFolders>
    <CopyFileToFolders Include="Data\ForceFields\Pack 01\VF_Alligator_HighFreq_32x32x32.fga">
      <Filter>Data\ForceFields\Pack_01</Filter>
    </CopyFileToFolders>
    <CopyFileToFolders Include="Data\ForceFields\Pack 01\VF_Alligator_LowFreq_8x8x8.fga">
      <Filter>Data\ForceFields\Pack_01</Filter>
    </CopyFileToFolders>
    <CopyFileToFolders Include="Data\ForceFields\Pack 01\VF_Alligator_LowFreq_16x16x16.fga">
      <Filter>Data\ForceFields\Pack_01</Filter>
    </CopyFileToFolders>
    <CopyFileToFolders Include="Data\ForceFields\Pack 01\VF_Alligator_LowFreq_32x32x32.fga">
      <Filter>Data\ForceFields\Pack_01</Filter>
    </CopyFileToFolders>
    <CopyFileToFolders Include="Data\ForceFields\Pack 01\VF_Perlin_HighFreq_8x8x8.fga">
      <Filter>Data\ForceFields\Pack_01</Filter>
    </CopyFileToFolders>
    <CopyFileToFolders Include="Data\ForceFields\Pack 01\VF_Perlin_HighFreq_16x16x16.fga">
      <Filter>Data\ForceFields\Pack_01</Filter>
    </CopyFileToFolders>
    <CopyFileToFolders Include="Data\ForceFields\Pack 01\VF_Perlin_HighFreq_32x32x32.fga">
      <Filter>Data\ForceFields\Pack_01</Filter>
    </CopyFileToFolders>
    <CopyFileToFolders Include="Data\ForceFields\Pack 01\VF_Perlin_LowFreq_8x8x8.fga">
      <Filter>Data\ForceFields\Pack_01</Filter>
    </CopyFileToFolders>
    <CopyFileToFolders Include="Data\ForceFields\Pack 01\VF_Perlin_LowFreq_16x16x16.fga">
      <Filter>Data\ForceFields\Pack_01</Filter>
    </CopyFileToFolders>
    <CopyFileToFolders Include="Data\ForceFields\Pack 01\VF_Perlin_LowFreq_32x32x32.fga">
      <Filter>Data\ForceFields\Pack_01</Filter>
    </CopyFileToFolders>
    <CopyFileToFolders Include="Data\ForceFields\Pack 01\VF_Simplex_HighFreq_8x8x8.fga">
      <Filter>Data\ForceFields\Pack_01</Filter>
    </CopyFileToFolders>
    <CopyFileToFolders Include="Data\ForceFields\Pack 01\VF_Simplex_HighFreq_16x16x16.fga">
      <Filter>Data\ForceFields\Pack_01</Filter>
    </CopyFileToFolders>
    <CopyFileToFolders Include="Data\ForceFields\Pack 01\VF_Simplex_HighFreq_32x32x32.fga">
      <Filter>Data\ForceFields\Pack_01</Filter>
    </CopyFileToFolders>
    <CopyFileToFolders Include="Data\ForceFields\Pack 01\VF_Simplex_LowFreq_8x8x8.fga">
      <Filter>Data\ForceFields\Pack_01</Filter>
    </CopyFileToFolders>
    <CopyFileToFolders Include="Data\ForceFields\Pack 01\VF_Simplex_LowFreq_16x16x16.fga">
      <Filter>Data\ForceFields\Pack_01</Filter>
    </CopyFileToFolders>
    <CopyFileToFolders Include="Data\ForceFields\Pack 01\VF_Simplex_LowFreq_32x32x32.fga">
      <Filter>Data\ForceFields\Pack_01</Filter>
    </CopyFileToFolders>
  </ItemGroup>
  <ItemGroup>
    <ImageContentTask Include="Data\Textures\noisy-texture-256x256.png">
      <Filter>Data\Textures</Filter>
    </ImageContentTask>
  </ItemGroup>
</Project>